// !$*UTF8*$!
{
	archiveVersion = 1;
	classes = {
	};
	objectVersion = 55;
	objects = {

/* Begin PBXBuildFile section */
		C59070FF2761B09E00731579 /* AppDelegate.swift in Sources */ = {isa = PBXBuildFile; fileRef = C59070FE2761B09E00731579 /* AppDelegate.swift */; };
		C59071012761B09E00731579 /* SceneDelegate.swift in Sources */ = {isa = PBXBuildFile; fileRef = C59071002761B09E00731579 /* SceneDelegate.swift */; };
		C59071032761B09E00731579 /* ViewController.swift in Sources */ = {isa = PBXBuildFile; fileRef = C59071022761B09E00731579 /* ViewController.swift */; };
		C59071062761B09E00731579 /* Main.storyboard in Resources */ = {isa = PBXBuildFile; fileRef = C59071042761B09E00731579 /* Main.storyboard */; };
		C59071092761B09E00731579 /* NavigationStoryboard.xcdatamodeld in Sources */ = {isa = PBXBuildFile; fileRef = C59071072761B09E00731579 /* NavigationStoryboard.xcdatamodeld */; };
		C590710B2761B0A000731579 /* Assets.xcassets in Resources */ = {isa = PBXBuildFile; fileRef = C590710A2761B0A000731579 /* Assets.xcassets */; };
		C590710E2761B0A000731579 /* LaunchScreen.storyboard in Resources */ = {isa = PBXBuildFile; fileRef = C590710C2761B0A000731579 /* LaunchScreen.storyboard */; };
		C59071162761BA3C00731579 /* SegundoController.swift in Sources */ = {isa = PBXBuildFile; fileRef = C59071152761BA3B00731579 /* SegundoController.swift */; };
/* End PBXBuildFile section */

/* Begin PBXFileReference section */
		C59070FB2761B09E00731579 /* NavigationStoryboard.app */ = {isa = PBXFileReference; explicitFileType = wrapper.application; includeInIndex = 0; path = NavigationStoryboard.app; sourceTree = BUILT_PRODUCTS_DIR; };
		C59070FE2761B09E00731579 /* AppDelegate.swift */ = {isa = PBXFileReference; lastKnownFileType = sourcecode.swift; path = AppDelegate.swift; sourceTree = "<group>"; };
		C59071002761B09E00731579 /* SceneDelegate.swift */ = {isa = PBXFileReference; lastKnownFileType = sourcecode.swift; path = SceneDelegate.swift; sourceTree = "<group>"; };
		C59071022761B09E00731579 /* ViewController.swift */ = {isa = PBXFileReference; lastKnownFileType = sourcecode.swift; path = ViewController.swift; sourceTree = "<group>"; };
		C59071052761B09E00731579 /* Base */ = {isa = PBXFileReference; lastKnownFileType = file.storyboard; name = Base; path = Base.lproj/Main.storyboard; sourceTree = "<group>"; };
		C59071082761B09E00731579 /* NavigationStoryboard.xcdatamodel */ = {isa = PBXFileReference; lastKnownFileType = wrapper.xcdatamodel; path = NavigationStoryboard.xcdatamodel; sourceTree = "<group>"; };
		C590710A2761B0A000731579 /* Assets.xcassets */ = {isa = PBXFileReference; lastKnownFileType = folder.assetcatalog; path = Assets.xcassets; sourceTree = "<group>"; };
		C590710D2761B0A000731579 /* Base */ = {isa = PBXFileReference; lastKnownFileType = file.storyboard; name = Base; path = Base.lproj/LaunchScreen.storyboard; sourceTree = "<group>"; };
		C590710F2761B0A000731579 /* Info.plist */ = {isa = PBXFileReference; lastKnownFileType = text.plist.xml; path = Info.plist; sourceTree = "<group>"; };
		C59071152761BA3B00731579 /* SegundoController.swift */ = {isa = PBXFileReference; lastKnownFileType = sourcecode.swift; path = SegundoController.swift; sourceTree = "<group>"; };
/* End PBXFileReference section */

/* Begin PBXFrameworksBuildPhase section */
		C59070F82761B09E00731579 /* Frameworks */ = {
			isa = PBXFrameworksBuildPhase;
			buildActionMask = 2147483647;
			files = (
			);
			runOnlyForDeploymentPostprocessing = 0;
		};
/* End PBXFrameworksBuildPhase section */

/* Begin PBXGroup section */
		C59070F22761B09E00731579 = {
			isa = PBXGroup;
			children = (
				C59070FD2761B09E00731579 /* NavigationStoryboard */,
				C59070FC2761B09E00731579 /* Products */,
			);
			sourceTree = "<group>";
		};
		C59070FC2761B09E00731579 /* Products */ = {
			isa = PBXGroup;
			children = (
				C59070FB2761B09E00731579 /* NavigationStoryboard.app */,
			);
			name = Products;
			sourceTree = "<group>";
		};
		C59070FD2761B09E00731579 /* NavigationStoryboard */ = {
			isa = PBXGroup;
			children = (
				C59070FE2761B09E00731579 /* AppDelegate.swift */,
				C59071002761B09E00731579 /* SceneDelegate.swift */,
				C59071022761B09E00731579 /* ViewController.swift */,
				C59071042761B09E00731579 /* Main.storyboard */,
				C590710A2761B0A000731579 /* Assets.xcassets */,
				C590710C2761B0A000731579 /* LaunchScreen.storyboard */,
				C590710F2761B0A000731579 /* Info.plist */,
				C59071072761B09E00731579 /* NavigationStoryboard.xcdatamodeld */,
				C59071152761BA3B00731579 /* SegundoController.swift */,
			);
			path = NavigationStoryboard;
			sourceTree = "<group>";
		};
/* End PBXGroup section */

/* Begin PBXNativeTarget section */
		C59070FA2761B09E00731579 /* NavigationStoryboard */ = {
			isa = PBXNativeTarget;
			buildConfigurationList = C59071122761B0A000731579 /* Build configuration list for PBXNativeTarget "NavigationStoryboard" */;
			buildPhases = (
				C59070F72761B09E00731579 /* Sources */,
				C59070F82761B09E00731579 /* Frameworks */,
				C59070F92761B09E00731579 /* Resources */,
			);
			buildRules = (
			);
			dependencies = (
			);
			name = NavigationStoryboard;
			productName = NavigationStoryboard;
			productReference = C59070FB2761B09E00731579 /* NavigationStoryboard.app */;
			productType = "com.apple.product-type.application";
		};
/* End PBXNativeTarget section */

/* Begin PBXProject section */
		C59070F32761B09E00731579 /* Project object */ = {
			isa = PBXProject;
			attributes = {
				BuildIndependentTargetsInParallel = 1;
				LastSwiftUpdateCheck = 1310;
				LastUpgradeCheck = 1310;
				TargetAttributes = {
					C59070FA2761B09E00731579 = {
						CreatedOnToolsVersion = 13.1;
					};
				};
			};
			buildConfigurationList = C59070F62761B09E00731579 /* Build configuration list for PBXProject "NavigationStoryboard" */;
			compatibilityVersion = "Xcode 13.0";
			developmentRegion = en;
			hasScannedForEncodings = 0;
			knownRegions = (
				en,
				Base,
			);
			mainGroup = C59070F22761B09E00731579;
			productRefGroup = C59070FC2761B09E00731579 /* Products */;
			projectDirPath = "";
			projectRoot = "";
			targets = (
				C59070FA2761B09E00731579 /* NavigationStoryboard */,
			);
		};
/* End PBXProject section */

/* Begin PBXResourcesBuildPhase section */
		C59070F92761B09E00731579 /* Resources */ = {
			isa = PBXResourcesBuildPhase;
			buildActionMask = 2147483647;
			files = (
				C590710E2761B0A000731579 /* LaunchScreen.storyboard in Resources */,
				C590710B2761B0A000731579 /* Assets.xcassets in Resources */,
				C59071062761B09E00731579 /* Main.storyboard in Resources */,
			);
			runOnlyForDeploymentPostprocessing = 0;
		};
/* End PBXResourcesBuildPhase section */

/* Begin PBXSourcesBuildPhase section */
		C59070F72761B09E00731579 /* Sources */ = {
			isa = PBXSourcesBuildPhase;
			buildActionMask = 2147483647;
			files = (
				C59071032761B09E00731579 /* ViewController.swift in Sources */,
				C59070FF2761B09E00731579 /* AppDelegate.swift in Sources */,
				C59071092761B09E00731579 /* NavigationStoryboard.xcdatamodeld in Sources */,
				C59071012761B09E00731579 /* SceneDelegate.swift in Sources */,
				C59071162761BA3C00731579 /* SegundoController.swift in Sources */,
			);
			runOnlyForDeploymentPostprocessing = 0;
		};
/* End PBXSourcesBuildPhase section */

/* Begin PBXVariantGroup section */
		C59071042761B09E00731579 /* Main.storyboard */ = {
			isa = PBXVariantGroup;
			children = (
				C59071052761B09E00731579 /* Base */,
			);
			name = Main.storyboard;
			sourceTree = "<group>";
		};
		C590710C2761B0A000731579 /* LaunchScreen.storyboard */ = {
			isa = PBXVariantGroup;
			children = (
				C590710D2761B0A000731579 /* Base */,
			);
			name = LaunchScreen.storyboard;
			sourceTree = "<group>";
		};
/* End PBXVariantGroup section */

/* Begin XCBuildConfiguration section */
		C59071102761B0A000731579 /* Debug */ = {
			isa = XCBuildConfiguration;
			buildSettings = {
				ALWAYS_SEARCH_USER_PATHS = NO;
				CLANG_ANALYZER_NONNULL = YES;
				CLANG_ANALYZER_NUMBER_OBJECT_CONVERSION = YES_AGGRESSIVE;
				CLANG_CXX_LANGUAGE_STANDARD = "gnu++17";
				CLANG_CXX_LIBRARY = "libc++";
				CLANG_ENABLE_MODULES = YES;
				CLANG_ENABLE_OBJC_ARC = YES;
				CLANG_ENABLE_OBJC_WEAK = YES;
				CLANG_WARN_BLOCK_CAPTURE_AUTORELEASING = YES;
				CLANG_WARN_BOOL_CONVERSION = YES;
				CLANG_WARN_COMMA = YES;
				CLANG_WARN_CONSTANT_CONVERSION = YES;
				CLANG_WARN_DEPRECATED_OBJC_IMPLEMENTATIONS = YES;
				CLANG_WARN_DIRECT_OBJC_ISA_USAGE = YES_ERROR;
				CLANG_WARN_DOCUMENTATION_COMMENTS = YES;
				CLANG_WARN_EMPTY_BODY = YES;
				CLANG_WARN_ENUM_CONVERSION = YES;
				CLANG_WARN_INFINITE_RECURSION = YES;
				CLANG_WARN_INT_CONVERSION = YES;
				CLANG_WARN_NON_LITERAL_NULL_CONVERSION = YES;
				CLANG_WARN_OBJC_IMPLICIT_RETAIN_SELF = YES;
				CLANG_WARN_OBJC_LITERAL_CONVERSION = YES;
				CLANG_WARN_OBJC_ROOT_CLASS = YES_ERROR;
				CLANG_WARN_QUOTED_INCLUDE_IN_FRAMEWORK_HEADER = YES;
				CLANG_WARN_RANGE_LOOP_ANALYSIS = YES;
				CLANG_WARN_STRICT_PROTOTYPES = YES;
				CLANG_WARN_SUSPICIOUS_MOVE = YES;
				CLANG_WARN_UNGUARDED_AVAILABILITY = YES_AGGRESSIVE;
				CLANG_WARN_UNREACHABLE_CODE = YES;
				CLANG_WARN__DUPLICATE_METHOD_MATCH = YES;
				COPY_PHASE_STRIP = NO;
				DEBUG_INFORMATION_FORMAT = dwarf;
				ENABLE_STRICT_OBJC_MSGSEND = YES;
				ENABLE_TESTABILITY = YES;
				GCC_C_LANGUAGE_STANDARD = gnu11;
				GCC_DYNAMIC_NO_PIC = NO;
				GCC_NO_COMMON_BLOCKS = YES;
				GCC_OPTIMIZATION_LEVEL = 0;
				GCC_PREPROCESSOR_DEFINITIONS = (
					"DEBUG=1",
					"$(inherited)",
				);
				GCC_WARN_64_TO_32_BIT_CONVERSION = YES;
				GCC_WARN_ABOUT_RETURN_TYPE = YES_ERROR;
				GCC_WARN_UNDECLARED_SELECTOR = YES;
				GCC_WARN_UNINITIALIZED_AUTOS = YES_AGGRESSIVE;
				GCC_WARN_UNUSED_FUNCTION = YES;
				GCC_WARN_UNUSED_VARIABLE = YES;
				IPHONEOS_DEPLOYMENT_TARGET = 15.0;
				MTL_ENABLE_DEBUG_INFO = INCLUDE_SOURCE;
				MTL_FAST_MATH = YES;
				ONLY_ACTIVE_ARCH = YES;
				SDKROOT = iphoneos;
				SWIFT_ACTIVE_COMPILATION_CONDITIONS = DEBUG;
				SWIFT_OPTIMIZATION_LEVEL = "-Onone";
			};
			name = Debug;
		};
		C59071112761B0A000731579 /* Release */ = {
			isa = XCBuildConfiguration;
			buildSettings = {
				ALWAYS_SEARCH_USER_PATHS = NO;
				CLANG_ANALYZER_NONNULL = YES;
				CLANG_ANALYZER_NUMBER_OBJECT_CONVERSION = YES_AGGRESSIVE;
				CLANG_CXX_LANGUAGE_STANDARD = "gnu++17";
				CLANG_CXX_LIBRARY = "libc++";
				CLANG_ENABLE_MODULES = YES;
				CLANG_ENABLE_OBJC_ARC = YES;
				CLANG_ENABLE_OBJC_WEAK = YES;
				CLANG_WARN_BLOCK_CAPTURE_AUTORELEASING = YES;
				CLANG_WARN_BOOL_CONVERSION = YES;
				CLANG_WARN_COMMA = YES;
				CLANG_WARN_CONSTANT_CONVERSION = YES;
				CLANG_WARN_DEPRECATED_OBJC_IMPLEMENTATIONS = YES;
				CLANG_WARN_DIRECT_OBJC_ISA_USAGE = YES_ERROR;
				CLANG_WARN_DOCUMENTATION_COMMENTS = YES;
				CLANG_WARN_EMPTY_BODY = YES;
				CLANG_WARN_ENUM_CONVERSION = YES;
				CLANG_WARN_INFINITE_RECURSION = YES;
				CLANG_WARN_INT_CONVERSION = YES;
				CLANG_WARN_NON_LITERAL_NULL_CONVERSION = YES;
				CLANG_WARN_OBJC_IMPLICIT_RETAIN_SELF = YES;
				CLANG_WARN_OBJC_LITERAL_CONVERSION = YES;
				CLANG_WARN_OBJC_ROOT_CLASS = YES_ERROR;
				CLANG_WARN_QUOTED_INCLUDE_IN_FRAMEWORK_HEADER = YES;
				CLANG_WARN_RANGE_LOOP_ANALYSIS = YES;
				CLANG_WARN_STRICT_PROTOTYPES = YES;
				CLANG_WARN_SUSPICIOUS_MOVE = YES;
				CLANG_WARN_UNGUARDED_AVAILABILITY = YES_AGGRESSIVE;
				CLANG_WARN_UNREACHABLE_CODE = YES;
				CLANG_WARN__DUPLICATE_METHOD_MATCH = YES;
				COPY_PHASE_STRIP = NO;
				DEBUG_INFORMATION_FORMAT = "dwarf-with-dsym";
				ENABLE_NS_ASSERTIONS = NO;
				ENABLE_STRICT_OBJC_MSGSEND = YES;
				GCC_C_LANGUAGE_STANDARD = gnu11;
				GCC_NO_COMMON_BLOCKS = YES;
				GCC_WARN_64_TO_32_BIT_CONVERSION = YES;
				GCC_WARN_ABOUT_RETURN_TYPE = YES_ERROR;
				GCC_WARN_UNDECLARED_SELECTOR = YES;
				GCC_WARN_UNINITIALIZED_AUTOS = YES_AGGRESSIVE;
				GCC_WARN_UNUSED_FUNCTION = YES;
				GCC_WARN_UNUSED_VARIABLE = YES;
				IPHONEOS_DEPLOYMENT_TARGET = 15.0;
				MTL_ENABLE_DEBUG_INFO = NO;
				MTL_FAST_MATH = YES;
				SDKROOT = iphoneos;
				SWIFT_COMPILATION_MODE = wholemodule;
				SWIFT_OPTIMIZATION_LEVEL = "-O";
				VALIDATE_PRODUCT = YES;
			};
			name = Release;
		};
		C59071132761B0A000731579 /* Debug */ = {
			isa = XCBuildConfiguration;
			buildSettings = {
				ASSETCATALOG_COMPILER_APPICON_NAME = AppIcon;
				ASSETCATALOG_COMPILER_GLOBAL_ACCENT_COLOR_NAME = AccentColor;
				CODE_SIGN_STYLE = Automatic;
				CURRENT_PROJECT_VERSION = 1;
				DEVELOPMENT_TEAM = 6YB55BKC3X;
				GENERATE_INFOPLIST_FILE = YES;
				INFOPLIST_FILE = NavigationStoryboard/Info.plist;
				INFOPLIST_KEY_UIApplicationSupportsIndirectInputEvents = YES;
				INFOPLIST_KEY_UILaunchStoryboardName = LaunchScreen;
				INFOPLIST_KEY_UIMainStoryboardFile = Main;
				INFOPLIST_KEY_UISupportedInterfaceOrientations_iPad = "UIInterfaceOrientationPortrait UIInterfaceOrientationPortraitUpsideDown UIInterfaceOrientationLandscapeLeft UIInterfaceOrientationLandscapeRight";
				INFOPLIST_KEY_UISupportedInterfaceOrientations_iPhone = "UIInterfaceOrientationPortrait UIInterfaceOrientationLandscapeLeft UIInterfaceOrientationLandscapeRight";
				LD_RUNPATH_SEARCH_PATHS = (
					"$(inherited)",
					"@executable_path/Frameworks",
				);
				MARKETING_VERSION = 1.0;
				PRODUCT_BUNDLE_IDENTIFIER = com.charlye934.NavigationStoryboard;
				PRODUCT_NAME = "$(TARGET_NAME)";
				SWIFT_EMIT_LOC_STRINGS = YES;
				SWIFT_VERSION = 5.0;
				TARGETED_DEVICE_FAMILY = "1,2";
			};
			name = Debug;
		};
		C59071142761B0A000731579 /* Release */ = {
			isa = XCBuildConfiguration;
			buildSettings = {
				ASSETCATALOG_COMPILER_APPICON_NAME = AppIcon;
				ASSETCATALOG_COMPILER_GLOBAL_ACCENT_COLOR_NAME = AccentColor;
				CODE_SIGN_STYLE = Automatic;
				CURRENT_PROJECT_VERSION = 1;
				DEVELOPMENT_TEAM = 6YB55BKC3X;
				GENERATE_INFOPLIST_FILE = YES;
				INFOPLIST_FILE = NavigationStoryboard/Info.plist;
				INFOPLIST_KEY_UIApplicationSupportsIndirectInputEvents = YES;
				INFOPLIST_KEY_UILaunchStoryboardName = LaunchScreen;
				INFOPLIST_KEY_UIMainStoryboardFile = Main;
				INFOPLIST_KEY_UISupportedInterfaceOrientations_iPad = "UIInterfaceOrientationPortrait UIInterfaceOrientationPortraitUpsideDown UIInterfaceOrientationLandscapeLeft UIInterfaceOrientationLandscapeRight";
				INFOPLIST_KEY_UISupportedInterfaceOrientations_iPhone = "UIInterfaceOrientationPortrait UIInterfaceOrientationLandscapeLeft UIInterfaceOrientationLandscapeRight";
				LD_RUNPATH_SEARCH_PATHS = (
					"$(inherited)",
					"@executable_path/Frameworks",
				);
				MARKETING_VERSION = 1.0;
				PRODUCT_BUNDLE_IDENTIFIER = com.charlye934.NavigationStoryboard;
				PRODUCT_NAME = "$(TARGET_NAME)";
				SWIFT_EMIT_LOC_STRINGS = YES;
				SWIFT_VERSION = 5.0;
				TARGETED_DEVICE_FAMILY = "1,2";
			};
			name = Release;
		};
/* End XCBuildConfiguration section */

/* Begin XCConfigurationList section */
		C59070F62761B09E00731579 /* Build configuration list for PBXProject "NavigationStoryboard" */ = {
			isa = XCConfigurationList;
			buildConfigurations = (
				C59071102761B0A000731579 /* Debug */,
				C59071112761B0A000731579 /* Release */,
			);
			defaultConfigurationIsVisible = 0;
			defaultConfigurationName = Release;
		};
		C59071122761B0A000731579 /* Build configuration list for PBXNativeTarget "NavigationStoryboard" */ = {
			isa = XCConfigurationList;
			buildConfigurations = (
				C59071132761B0A000731579 /* Debug */,
				C59071142761B0A000731579 /* Release */,
			);
			defaultConfigurationIsVisible = 0;
			defaultConfigurationName = Release;
		};
/* End XCConfigurationList section */

/* Begin XCVersionGroup section */
		C59071072761B09E00731579 /* NavigationStoryboard.xcdatamodeld */ = {
			isa = XCVersionGroup;
			children = (
				C59071082761B09E00731579 /* NavigationStoryboard.xcdatamodel */,
			);
			currentVersion = C59071082761B09E00731579 /* NavigationStoryboard.xcdatamodel */;
			path = NavigationStoryboard.xcdatamodeld;
			sourceTree = "<group>";
			versionGroupType = wrapper.xcdatamodel;
		};
/* End XCVersionGroup section */
	};
	rootObject = C59070F32761B09E00731579 /* Project object */;
}
