// !$*UTF8*$!
{
	archiveVersion = 1;
	classes = {
	};
	objectVersion = 55;
	objects = {

/* Begin PBXBuildFile section */
		C5F42EB827604D3800B840C0 /* NavigationApp.swift in Sources */ = {isa = PBXBuildFile; fileRef = C5F42EB727604D3800B840C0 /* NavigationApp.swift */; };
		C5F42EBA27604D3800B840C0 /* ContentView.swift in Sources */ = {isa = PBXBuildFile; fileRef = C5F42EB927604D3800B840C0 /* ContentView.swift */; };
		C5F42EBC27604D3A00B840C0 /* Assets.xcassets in Resources */ = {isa = PBXBuildFile; fileRef = C5F42EBB27604D3A00B840C0 /* Assets.xcassets */; };
		C5F42EBF27604D3A00B840C0 /* Preview Assets.xcassets in Resources */ = {isa = PBXBuildFile; fileRef = C5F42EBE27604D3A00B840C0 /* Preview Assets.xcassets */; };
		C5F42EC127604D3A00B840C0 /* Persistence.swift in Sources */ = {isa = PBXBuildFile; fileRef = C5F42EC027604D3A00B840C0 /* Persistence.swift */; };
		C5F42EC427604D3A00B840C0 /* Navigation.xcdatamodeld in Sources */ = {isa = PBXBuildFile; fileRef = C5F42EC227604D3A00B840C0 /* Navigation.xcdatamodeld */; };
		C5F42ECB27604DA500B840C0 /* Modal.swift in Sources */ = {isa = PBXBuildFile; fileRef = C5F42ECA27604DA500B840C0 /* Modal.swift */; };
		C5F42ECD276052C500B840C0 /* SegundaVista.swift in Sources */ = {isa = PBXBuildFile; fileRef = C5F42ECC276052C500B840C0 /* SegundaVista.swift */; };
		C5F42ECF27605BD100B840C0 /* TerceraVista.swift in Sources */ = {isa = PBXBuildFile; fileRef = C5F42ECE27605BD100B840C0 /* TerceraVista.swift */; };
		C5F42ED127606B2500B840C0 /* TabViewVista.swift in Sources */ = {isa = PBXBuildFile; fileRef = C5F42ED027606B2500B840C0 /* TabViewVista.swift */; };
/* End PBXBuildFile section */

/* Begin PBXFileReference section */
		C5F42EB427604D3800B840C0 /* Navigation.app */ = {isa = PBXFileReference; explicitFileType = wrapper.application; includeInIndex = 0; path = Navigation.app; sourceTree = BUILT_PRODUCTS_DIR; };
		C5F42EB727604D3800B840C0 /* NavigationApp.swift */ = {isa = PBXFileReference; lastKnownFileType = sourcecode.swift; path = NavigationApp.swift; sourceTree = "<group>"; };
		C5F42EB927604D3800B840C0 /* ContentView.swift */ = {isa = PBXFileReference; lastKnownFileType = sourcecode.swift; path = ContentView.swift; sourceTree = "<group>"; };
		C5F42EBB27604D3A00B840C0 /* Assets.xcassets */ = {isa = PBXFileReference; lastKnownFileType = folder.assetcatalog; path = Assets.xcassets; sourceTree = "<group>"; };
		C5F42EBE27604D3A00B840C0 /* Preview Assets.xcassets */ = {isa = PBXFileReference; lastKnownFileType = folder.assetcatalog; path = "Preview Assets.xcassets"; sourceTree = "<group>"; };
		C5F42EC027604D3A00B840C0 /* Persistence.swift */ = {isa = PBXFileReference; lastKnownFileType = sourcecode.swift; path = Persistence.swift; sourceTree = "<group>"; };
		C5F42EC327604D3A00B840C0 /* Navigation.xcdatamodel */ = {isa = PBXFileReference; lastKnownFileType = wrapper.xcdatamodel; path = Navigation.xcdatamodel; sourceTree = "<group>"; };
		C5F42ECA27604DA500B840C0 /* Modal.swift */ = {isa = PBXFileReference; lastKnownFileType = sourcecode.swift; path = Modal.swift; sourceTree = "<group>"; };
		C5F42ECC276052C500B840C0 /* SegundaVista.swift */ = {isa = PBXFileReference; lastKnownFileType = sourcecode.swift; path = SegundaVista.swift; sourceTree = "<group>"; };
		C5F42ECE27605BD100B840C0 /* TerceraVista.swift */ = {isa = PBXFileReference; lastKnownFileType = sourcecode.swift; path = TerceraVista.swift; sourceTree = "<group>"; };
		C5F42ED027606B2500B840C0 /* TabViewVista.swift */ = {isa = PBXFileReference; lastKnownFileType = sourcecode.swift; path = TabViewVista.swift; sourceTree = "<group>"; };
/* End PBXFileReference section */

/* Begin PBXFrameworksBuildPhase section */
		C5F42EB127604D3800B840C0 /* Frameworks */ = {
			isa = PBXFrameworksBuildPhase;
			buildActionMask = 2147483647;
			files = (
			);
			runOnlyForDeploymentPostprocessing = 0;
		};
/* End PBXFrameworksBuildPhase section */

/* Begin PBXGroup section */
		C5F42EAB27604D3800B840C0 = {
			isa = PBXGroup;
			children = (
				C5F42EB627604D3800B840C0 /* Navigation */,
				C5F42EB527604D3800B840C0 /* Products */,
			);
			sourceTree = "<group>";
		};
		C5F42EB527604D3800B840C0 /* Products */ = {
			isa = PBXGroup;
			children = (
				C5F42EB427604D3800B840C0 /* Navigation.app */,
			);
			name = Products;
			sourceTree = "<group>";
		};
		C5F42EB627604D3800B840C0 /* Navigation */ = {
			isa = PBXGroup;
			children = (
				C5F42EB727604D3800B840C0 /* NavigationApp.swift */,
				C5F42EB927604D3800B840C0 /* ContentView.swift */,
				C5F42EBB27604D3A00B840C0 /* Assets.xcassets */,
				C5F42EC027604D3A00B840C0 /* Persistence.swift */,
				C5F42EC227604D3A00B840C0 /* Navigation.xcdatamodeld */,
				C5F42EBD27604D3A00B840C0 /* Preview Content */,
				C5F42ECA27604DA500B840C0 /* Modal.swift */,
				C5F42ECC276052C500B840C0 /* SegundaVista.swift */,
				C5F42ECE27605BD100B840C0 /* TerceraVista.swift */,
				C5F42ED027606B2500B840C0 /* TabViewVista.swift */,
			);
			path = Navigation;
			sourceTree = "<group>";
		};
		C5F42EBD27604D3A00B840C0 /* Preview Content */ = {
			isa = PBXGroup;
			children = (
				C5F42EBE27604D3A00B840C0 /* Preview Assets.xcassets */,
			);
			path = "Preview Content";
			sourceTree = "<group>";
		};
/* End PBXGroup section */

/* Begin PBXNativeTarget section */
		C5F42EB327604D3800B840C0 /* Navigation */ = {
			isa = PBXNativeTarget;
			buildConfigurationList = C5F42EC727604D3A00B840C0 /* Build configuration list for PBXNativeTarget "Navigation" */;
			buildPhases = (
				C5F42EB027604D3800B840C0 /* Sources */,
				C5F42EB127604D3800B840C0 /* Frameworks */,
				C5F42EB227604D3800B840C0 /* Resources */,
			);
			buildRules = (
			);
			dependencies = (
			);
			name = Navigation;
			productName = Navigation;
			productReference = C5F42EB427604D3800B840C0 /* Navigation.app */;
			productType = "com.apple.product-type.application";
		};
/* End PBXNativeTarget section */

/* Begin PBXProject section */
		C5F42EAC27604D3800B840C0 /* Project object */ = {
			isa = PBXProject;
			attributes = {
				BuildIndependentTargetsInParallel = 1;
				LastSwiftUpdateCheck = 1310;
				LastUpgradeCheck = 1310;
				TargetAttributes = {
					C5F42EB327604D3800B840C0 = {
						CreatedOnToolsVersion = 13.1;
					};
				};
			};
			buildConfigurationList = C5F42EAF27604D3800B840C0 /* Build configuration list for PBXProject "Navigation" */;
			compatibilityVersion = "Xcode 13.0";
			developmentRegion = en;
			hasScannedForEncodings = 0;
			knownRegions = (
				en,
				Base,
			);
			mainGroup = C5F42EAB27604D3800B840C0;
			productRefGroup = C5F42EB527604D3800B840C0 /* Products */;
			projectDirPath = "";
			projectRoot = "";
			targets = (
				C5F42EB327604D3800B840C0 /* Navigation */,
			);
		};
/* End PBXProject section */

/* Begin PBXResourcesBuildPhase section */
		C5F42EB227604D3800B840C0 /* Resources */ = {
			isa = PBXResourcesBuildPhase;
			buildActionMask = 2147483647;
			files = (
				C5F42EBF27604D3A00B840C0 /* Preview Assets.xcassets in Resources */,
				C5F42EBC27604D3A00B840C0 /* Assets.xcassets in Resources */,
			);
			runOnlyForDeploymentPostprocessing = 0;
		};
/* End PBXResourcesBuildPhase section */

/* Begin PBXSourcesBuildPhase section */
		C5F42EB027604D3800B840C0 /* Sources */ = {
			isa = PBXSourcesBuildPhase;
			buildActionMask = 2147483647;
			files = (
				C5F42EC127604D3A00B840C0 /* Persistence.swift in Sources */,
				C5F42ECB27604DA500B840C0 /* Modal.swift in Sources */,
				C5F42ECF27605BD100B840C0 /* TerceraVista.swift in Sources */,
				C5F42EBA27604D3800B840C0 /* ContentView.swift in Sources */,
				C5F42EB827604D3800B840C0 /* NavigationApp.swift in Sources */,
				C5F42EC427604D3A00B840C0 /* Navigation.xcdatamodeld in Sources */,
				C5F42ED127606B2500B840C0 /* TabViewVista.swift in Sources */,
				C5F42ECD276052C500B840C0 /* SegundaVista.swift in Sources */,
			);
			runOnlyForDeploymentPostprocessing = 0;
		};
/* End PBXSourcesBuildPhase section */

/* Begin XCBuildConfiguration section */
		C5F42EC527604D3A00B840C0 /* Debug */ = {
			isa = XCBuildConfiguration;
			buildSettings = {
				ALWAYS_SEARCH_USER_PATHS = NO;
				CLANG_ANALYZER_NONNULL = YES;
				CLANG_ANALYZER_NUMBER_OBJECT_CONVERSION = YES_AGGRESSIVE;
				CLANG_CXX_LANGUAGE_STANDARD = "gnu++17";
				CLANG_CXX_LIBRARY = "libc++";
				CLANG_ENABLE_MODULES = YES;
				CLANG_ENABLE_OBJC_ARC = YES;
				CLANG_ENABLE_OBJC_WEAK = YES;
				CLANG_WARN_BLOCK_CAPTURE_AUTORELEASING = YES;
				CLANG_WARN_BOOL_CONVERSION = YES;
				CLANG_WARN_COMMA = YES;
				CLANG_WARN_CONSTANT_CONVERSION = YES;
				CLANG_WARN_DEPRECATED_OBJC_IMPLEMENTATIONS = YES;
				CLANG_WARN_DIRECT_OBJC_ISA_USAGE = YES_ERROR;
				CLANG_WARN_DOCUMENTATION_COMMENTS = YES;
				CLANG_WARN_EMPTY_BODY = YES;
				CLANG_WARN_ENUM_CONVERSION = YES;
				CLANG_WARN_INFINITE_RECURSION = YES;
				CLANG_WARN_INT_CONVERSION = YES;
				CLANG_WARN_NON_LITERAL_NULL_CONVERSION = YES;
				CLANG_WARN_OBJC_IMPLICIT_RETAIN_SELF = YES;
				CLANG_WARN_OBJC_LITERAL_CONVERSION = YES;
				CLANG_WARN_OBJC_ROOT_CLASS = YES_ERROR;
				CLANG_WARN_QUOTED_INCLUDE_IN_FRAMEWORK_HEADER = YES;
				CLANG_WARN_RANGE_LOOP_ANALYSIS = YES;
				CLANG_WARN_STRICT_PROTOTYPES = YES;
				CLANG_WARN_SUSPICIOUS_MOVE = YES;
				CLANG_WARN_UNGUARDED_AVAILABILITY = YES_AGGRESSIVE;
				CLANG_WARN_UNREACHABLE_CODE = YES;
				CLANG_WARN__DUPLICATE_METHOD_MATCH = YES;
				COPY_PHASE_STRIP = NO;
				DEBUG_INFORMATION_FORMAT = dwarf;
				ENABLE_STRICT_OBJC_MSGSEND = YES;
				ENABLE_TESTABILITY = YES;
				GCC_C_LANGUAGE_STANDARD = gnu11;
				GCC_DYNAMIC_NO_PIC = NO;
				GCC_NO_COMMON_BLOCKS = YES;
				GCC_OPTIMIZATION_LEVEL = 0;
				GCC_PREPROCESSOR_DEFINITIONS = (
					"DEBUG=1",
					"$(inherited)",
				);
				GCC_WARN_64_TO_32_BIT_CONVERSION = YES;
				GCC_WARN_ABOUT_RETURN_TYPE = YES_ERROR;
				GCC_WARN_UNDECLARED_SELECTOR = YES;
				GCC_WARN_UNINITIALIZED_AUTOS = YES_AGGRESSIVE;
				GCC_WARN_UNUSED_FUNCTION = YES;
				GCC_WARN_UNUSED_VARIABLE = YES;
				IPHONEOS_DEPLOYMENT_TARGET = 15.0;
				MTL_ENABLE_DEBUG_INFO = INCLUDE_SOURCE;
				MTL_FAST_MATH = YES;
				ONLY_ACTIVE_ARCH = YES;
				SDKROOT = iphoneos;
				SWIFT_ACTIVE_COMPILATION_CONDITIONS = DEBUG;
				SWIFT_OPTIMIZATION_LEVEL = "-Onone";
			};
			name = Debug;
		};
		C5F42EC627604D3A00B840C0 /* Release */ = {
			isa = XCBuildConfiguration;
			buildSettings = {
				ALWAYS_SEARCH_USER_PATHS = NO;
				CLANG_ANALYZER_NONNULL = YES;
				CLANG_ANALYZER_NUMBER_OBJECT_CONVERSION = YES_AGGRESSIVE;
				CLANG_CXX_LANGUAGE_STANDARD = "gnu++17";
				CLANG_CXX_LIBRARY = "libc++";
				CLANG_ENABLE_MODULES = YES;
				CLANG_ENABLE_OBJC_ARC = YES;
				CLANG_ENABLE_OBJC_WEAK = YES;
				CLANG_WARN_BLOCK_CAPTURE_AUTORELEASING = YES;
				CLANG_WARN_BOOL_CONVERSION = YES;
				CLANG_WARN_COMMA = YES;
				CLANG_WARN_CONSTANT_CONVERSION = YES;
				CLANG_WARN_DEPRECATED_OBJC_IMPLEMENTATIONS = YES;
				CLANG_WARN_DIRECT_OBJC_ISA_USAGE = YES_ERROR;
				CLANG_WARN_DOCUMENTATION_COMMENTS = YES;
				CLANG_WARN_EMPTY_BODY = YES;
				CLANG_WARN_ENUM_CONVERSION = YES;
				CLANG_WARN_INFINITE_RECURSION = YES;
				CLANG_WARN_INT_CONVERSION = YES;
				CLANG_WARN_NON_LITERAL_NULL_CONVERSION = YES;
				CLANG_WARN_OBJC_IMPLICIT_RETAIN_SELF = YES;
				CLANG_WARN_OBJC_LITERAL_CONVERSION = YES;
				CLANG_WARN_OBJC_ROOT_CLASS = YES_ERROR;
				CLANG_WARN_QUOTED_INCLUDE_IN_FRAMEWORK_HEADER = YES;
				CLANG_WARN_RANGE_LOOP_ANALYSIS = YES;
				CLANG_WARN_STRICT_PROTOTYPES = YES;
				CLANG_WARN_SUSPICIOUS_MOVE = YES;
				CLANG_WARN_UNGUARDED_AVAILABILITY = YES_AGGRESSIVE;
				CLANG_WARN_UNREACHABLE_CODE = YES;
				CLANG_WARN__DUPLICATE_METHOD_MATCH = YES;
				COPY_PHASE_STRIP = NO;
				DEBUG_INFORMATION_FORMAT = "dwarf-with-dsym";
				ENABLE_NS_ASSERTIONS = NO;
				ENABLE_STRICT_OBJC_MSGSEND = YES;
				GCC_C_LANGUAGE_STANDARD = gnu11;
				GCC_NO_COMMON_BLOCKS = YES;
				GCC_WARN_64_TO_32_BIT_CONVERSION = YES;
				GCC_WARN_ABOUT_RETURN_TYPE = YES_ERROR;
				GCC_WARN_UNDECLARED_SELECTOR = YES;
				GCC_WARN_UNINITIALIZED_AUTOS = YES_AGGRESSIVE;
				GCC_WARN_UNUSED_FUNCTION = YES;
				GCC_WARN_UNUSED_VARIABLE = YES;
				IPHONEOS_DEPLOYMENT_TARGET = 15.0;
				MTL_ENABLE_DEBUG_INFO = NO;
				MTL_FAST_MATH = YES;
				SDKROOT = iphoneos;
				SWIFT_COMPILATION_MODE = wholemodule;
				SWIFT_OPTIMIZATION_LEVEL = "-O";
				VALIDATE_PRODUCT = YES;
			};
			name = Release;
		};
		C5F42EC827604D3A00B840C0 /* Debug */ = {
			isa = XCBuildConfiguration;
			buildSettings = {
				ASSETCATALOG_COMPILER_APPICON_NAME = AppIcon;
				ASSETCATALOG_COMPILER_GLOBAL_ACCENT_COLOR_NAME = AccentColor;
				CODE_SIGN_STYLE = Automatic;
				CURRENT_PROJECT_VERSION = 1;
				DEVELOPMENT_ASSET_PATHS = "\"Navigation/Preview Content\"";
				DEVELOPMENT_TEAM = 6YB55BKC3X;
				ENABLE_PREVIEWS = YES;
				GENERATE_INFOPLIST_FILE = YES;
				INFOPLIST_KEY_UIApplicationSceneManifest_Generation = YES;
				INFOPLIST_KEY_UIApplicationSupportsIndirectInputEvents = YES;
				INFOPLIST_KEY_UILaunchScreen_Generation = YES;
				INFOPLIST_KEY_UISupportedInterfaceOrientations_iPad = "UIInterfaceOrientationPortrait UIInterfaceOrientationPortraitUpsideDown UIInterfaceOrientationLandscapeLeft UIInterfaceOrientationLandscapeRight";
				INFOPLIST_KEY_UISupportedInterfaceOrientations_iPhone = "UIInterfaceOrientationPortrait UIInterfaceOrientationLandscapeLeft UIInterfaceOrientationLandscapeRight";
				LD_RUNPATH_SEARCH_PATHS = (
					"$(inherited)",
					"@executable_path/Frameworks",
				);
				MARKETING_VERSION = 1.0;
				PRODUCT_BUNDLE_IDENTIFIER = com.charlye934.Navigation;
				PRODUCT_NAME = "$(TARGET_NAME)";
				SWIFT_EMIT_LOC_STRINGS = YES;
				SWIFT_VERSION = 5.0;
				TARGETED_DEVICE_FAMILY = "1,2";
			};
			name = Debug;
		};
		C5F42EC927604D3A00B840C0 /* Release */ = {
			isa = XCBuildConfiguration;
			buildSettings = {
				ASSETCATALOG_COMPILER_APPICON_NAME = AppIcon;
				ASSETCATALOG_COMPILER_GLOBAL_ACCENT_COLOR_NAME = AccentColor;
				CODE_SIGN_STYLE = Automatic;
				CURRENT_PROJECT_VERSION = 1;
				DEVELOPMENT_ASSET_PATHS = "\"Navigation/Preview Content\"";
				DEVELOPMENT_TEAM = 6YB55BKC3X;
				ENABLE_PREVIEWS = YES;
				GENERATE_INFOPLIST_FILE = YES;
				INFOPLIST_KEY_UIApplicationSceneManifest_Generation = YES;
				INFOPLIST_KEY_UIApplicationSupportsIndirectInputEvents = YES;
				INFOPLIST_KEY_UILaunchScreen_Generation = YES;
				INFOPLIST_KEY_UISupportedInterfaceOrientations_iPad = "UIInterfaceOrientationPortrait UIInterfaceOrientationPortraitUpsideDown UIInterfaceOrientationLandscapeLeft UIInterfaceOrientationLandscapeRight";
				INFOPLIST_KEY_UISupportedInterfaceOrientations_iPhone = "UIInterfaceOrientationPortrait UIInterfaceOrientationLandscapeLeft UIInterfaceOrientationLandscapeRight";
				LD_RUNPATH_SEARCH_PATHS = (
					"$(inherited)",
					"@executable_path/Frameworks",
				);
				MARKETING_VERSION = 1.0;
				PRODUCT_BUNDLE_IDENTIFIER = com.charlye934.Navigation;
				PRODUCT_NAME = "$(TARGET_NAME)";
				SWIFT_EMIT_LOC_STRINGS = YES;
				SWIFT_VERSION = 5.0;
				TARGETED_DEVICE_FAMILY = "1,2";
			};
			name = Release;
		};
/* End XCBuildConfiguration section */

/* Begin XCConfigurationList section */
		C5F42EAF27604D3800B840C0 /* Build configuration list for PBXProject "Navigation" */ = {
			isa = XCConfigurationList;
			buildConfigurations = (
				C5F42EC527604D3A00B840C0 /* Debug */,
				C5F42EC627604D3A00B840C0 /* Release */,
			);
			defaultConfigurationIsVisible = 0;
			defaultConfigurationName = Release;
		};
		C5F42EC727604D3A00B840C0 /* Build configuration list for PBXNativeTarget "Navigation" */ = {
			isa = XCConfigurationList;
			buildConfigurations = (
				C5F42EC827604D3A00B840C0 /* Debug */,
				C5F42EC927604D3A00B840C0 /* Release */,
			);
			defaultConfigurationIsVisible = 0;
			defaultConfigurationName = Release;
		};
/* End XCConfigurationList section */

/* Begin XCVersionGroup section */
		C5F42EC227604D3A00B840C0 /* Navigation.xcdatamodeld */ = {
			isa = XCVersionGroup;
			children = (
				C5F42EC327604D3A00B840C0 /* Navigation.xcdatamodel */,
			);
			currentVersion = C5F42EC327604D3A00B840C0 /* Navigation.xcdatamodel */;
			path = Navigation.xcdatamodeld;
			sourceTree = "<group>";
			versionGroupType = wrapper.xcdatamodel;
		};
/* End XCVersionGroup section */
	};
	rootObject = C5F42EAC27604D3800B840C0 /* Project object */;
}
