// !$*UTF8*$!
{
	archiveVersion = 1;
	classes = {
	};
	objectVersion = 50;
	objects = {

/* Begin PBXBuildFile section */
		C5EAC24727927E1600CA266B /* ModeloColumnas.swift in Sources */ = {isa = PBXBuildFile; fileRef = C5EAC24627927E1500CA266B /* ModeloColumnas.swift */; };
		CF1BAE752572B3A800232127 /* ListasGridsApp.swift in Sources */ = {isa = PBXBuildFile; fileRef = CF1BAE742572B3A800232127 /* ListasGridsApp.swift */; };
		CF1BAE772572B3A800232127 /* ContentView.swift in Sources */ = {isa = PBXBuildFile; fileRef = CF1BAE762572B3A800232127 /* ContentView.swift */; };
		CF1BAE792572B3AC00232127 /* Assets.xcassets in Resources */ = {isa = PBXBuildFile; fileRef = CF1BAE782572B3AC00232127 /* Assets.xcassets */; };
		CF1BAE7C2572B3AC00232127 /* Preview Assets.xcassets in Resources */ = {isa = PBXBuildFile; fileRef = CF1BAE7B2572B3AC00232127 /* Preview Assets.xcassets */; };
		CF1BAE852572B44000232127 /* Modelo.swift in Sources */ = {isa = PBXBuildFile; fileRef = CF1BAE842572B44000232127 /* Modelo.swift */; };
		CF1BAE902572D68D00232127 /* GridList.swift in Sources */ = {isa = PBXBuildFile; fileRef = CF1BAE8F2572D68D00232127 /* GridList.swift */; };
/* End PBXBuildFile section */

/* Begin PBXFileReference section */
		C5EAC24627927E1500CA266B /* ModeloColumnas.swift */ = {isa = PBXFileReference; lastKnownFileType = sourcecode.swift; path = ModeloColumnas.swift; sourceTree = "<group>"; };
		CF1BAE712572B3A800232127 /* ListasGrids.app */ = {isa = PBXFileReference; explicitFileType = wrapper.application; includeInIndex = 0; path = ListasGrids.app; sourceTree = BUILT_PRODUCTS_DIR; };
		CF1BAE742572B3A800232127 /* ListasGridsApp.swift */ = {isa = PBXFileReference; lastKnownFileType = sourcecode.swift; path = ListasGridsApp.swift; sourceTree = "<group>"; };
		CF1BAE762572B3A800232127 /* ContentView.swift */ = {isa = PBXFileReference; lastKnownFileType = sourcecode.swift; path = ContentView.swift; sourceTree = "<group>"; };
		CF1BAE782572B3AC00232127 /* Assets.xcassets */ = {isa = PBXFileReference; lastKnownFileType = folder.assetcatalog; path = Assets.xcassets; sourceTree = "<group>"; };
		CF1BAE7B2572B3AC00232127 /* Preview Assets.xcassets */ = {isa = PBXFileReference; lastKnownFileType = folder.assetcatalog; path = "Preview Assets.xcassets"; sourceTree = "<group>"; };
		CF1BAE7D2572B3AC00232127 /* Info.plist */ = {isa = PBXFileReference; lastKnownFileType = text.plist.xml; path = Info.plist; sourceTree = "<group>"; };
		CF1BAE842572B44000232127 /* Modelo.swift */ = {isa = PBXFileReference; lastKnownFileType = sourcecode.swift; path = Modelo.swift; sourceTree = "<group>"; };
		CF1BAE8F2572D68D00232127 /* GridList.swift */ = {isa = PBXFileReference; lastKnownFileType = sourcecode.swift; path = GridList.swift; sourceTree = "<group>"; };
/* End PBXFileReference section */

/* Begin PBXFrameworksBuildPhase section */
		CF1BAE6E2572B3A800232127 /* Frameworks */ = {
			isa = PBXFrameworksBuildPhase;
			buildActionMask = 2147483647;
			files = (
			);
			runOnlyForDeploymentPostprocessing = 0;
		};
/* End PBXFrameworksBuildPhase section */

/* Begin PBXGroup section */
		CF1BAE682572B3A800232127 = {
			isa = PBXGroup;
			children = (
				CF1BAE732572B3A800232127 /* ListasGrids */,
				CF1BAE722572B3A800232127 /* Products */,
			);
			sourceTree = "<group>";
		};
		CF1BAE722572B3A800232127 /* Products */ = {
			isa = PBXGroup;
			children = (
				CF1BAE712572B3A800232127 /* ListasGrids.app */,
			);
			name = Products;
			sourceTree = "<group>";
		};
		CF1BAE732572B3A800232127 /* ListasGrids */ = {
			isa = PBXGroup;
			children = (
				CF1BAE742572B3A800232127 /* ListasGridsApp.swift */,
				CF1BAE762572B3A800232127 /* ContentView.swift */,
				CF1BAE782572B3AC00232127 /* Assets.xcassets */,
				CF1BAE7D2572B3AC00232127 /* Info.plist */,
				CF1BAE7A2572B3AC00232127 /* Preview Content */,
				CF1BAE842572B44000232127 /* Modelo.swift */,
				CF1BAE8F2572D68D00232127 /* GridList.swift */,
				C5EAC24627927E1500CA266B /* ModeloColumnas.swift */,
			);
			path = ListasGrids;
			sourceTree = "<group>";
		};
		CF1BAE7A2572B3AC00232127 /* Preview Content */ = {
			isa = PBXGroup;
			children = (
				CF1BAE7B2572B3AC00232127 /* Preview Assets.xcassets */,
			);
			path = "Preview Content";
			sourceTree = "<group>";
		};
/* End PBXGroup section */

/* Begin PBXNativeTarget section */
		CF1BAE702572B3A800232127 /* ListasGrids */ = {
			isa = PBXNativeTarget;
			buildConfigurationList = CF1BAE802572B3AC00232127 /* Build configuration list for PBXNativeTarget "ListasGrids" */;
			buildPhases = (
				CF1BAE6D2572B3A800232127 /* Sources */,
				CF1BAE6E2572B3A800232127 /* Frameworks */,
				CF1BAE6F2572B3A800232127 /* Resources */,
			);
			buildRules = (
			);
			dependencies = (
			);
			name = ListasGrids;
			productName = ListasGrids;
			productReference = CF1BAE712572B3A800232127 /* ListasGrids.app */;
			productType = "com.apple.product-type.application";
		};
/* End PBXNativeTarget section */

/* Begin PBXProject section */
		CF1BAE692572B3A800232127 /* Project object */ = {
			isa = PBXProject;
			attributes = {
				LastSwiftUpdateCheck = 1220;
				LastUpgradeCheck = 1220;
				TargetAttributes = {
					CF1BAE702572B3A800232127 = {
						CreatedOnToolsVersion = 12.2;
					};
				};
			};
			buildConfigurationList = CF1BAE6C2572B3A800232127 /* Build configuration list for PBXProject "ListasGrids" */;
			compatibilityVersion = "Xcode 9.3";
			developmentRegion = en;
			hasScannedForEncodings = 0;
			knownRegions = (
				en,
				Base,
			);
			mainGroup = CF1BAE682572B3A800232127;
			productRefGroup = CF1BAE722572B3A800232127 /* Products */;
			projectDirPath = "";
			projectRoot = "";
			targets = (
				CF1BAE702572B3A800232127 /* ListasGrids */,
			);
		};
/* End PBXProject section */

/* Begin PBXResourcesBuildPhase section */
		CF1BAE6F2572B3A800232127 /* Resources */ = {
			isa = PBXResourcesBuildPhase;
			buildActionMask = 2147483647;
			files = (
				CF1BAE7C2572B3AC00232127 /* Preview Assets.xcassets in Resources */,
				CF1BAE792572B3AC00232127 /* Assets.xcassets in Resources */,
			);
			runOnlyForDeploymentPostprocessing = 0;
		};
/* End PBXResourcesBuildPhase section */

/* Begin PBXSourcesBuildPhase section */
		CF1BAE6D2572B3A800232127 /* Sources */ = {
			isa = PBXSourcesBuildPhase;
			buildActionMask = 2147483647;
			files = (
				C5EAC24727927E1600CA266B /* ModeloColumnas.swift in Sources */,
				CF1BAE852572B44000232127 /* Modelo.swift in Sources */,
				CF1BAE772572B3A800232127 /* ContentView.swift in Sources */,
				CF1BAE752572B3A800232127 /* ListasGridsApp.swift in Sources */,
				CF1BAE902572D68D00232127 /* GridList.swift in Sources */,
			);
			runOnlyForDeploymentPostprocessing = 0;
		};
/* End PBXSourcesBuildPhase section */

/* Begin XCBuildConfiguration section */
		CF1BAE7E2572B3AC00232127 /* Debug */ = {
			isa = XCBuildConfiguration;
			buildSettings = {
				ALWAYS_SEARCH_USER_PATHS = NO;
				CLANG_ANALYZER_NONNULL = YES;
				CLANG_ANALYZER_NUMBER_OBJECT_CONVERSION = YES_AGGRESSIVE;
				CLANG_CXX_LANGUAGE_STANDARD = "gnu++14";
				CLANG_CXX_LIBRARY = "libc++";
				CLANG_ENABLE_MODULES = YES;
				CLANG_ENABLE_OBJC_ARC = YES;
				CLANG_ENABLE_OBJC_WEAK = YES;
				CLANG_WARN_BLOCK_CAPTURE_AUTORELEASING = YES;
				CLANG_WARN_BOOL_CONVERSION = YES;
				CLANG_WARN_COMMA = YES;
				CLANG_WARN_CONSTANT_CONVERSION = YES;
				CLANG_WARN_DEPRECATED_OBJC_IMPLEMENTATIONS = YES;
				CLANG_WARN_DIRECT_OBJC_ISA_USAGE = YES_ERROR;
				CLANG_WARN_DOCUMENTATION_COMMENTS = YES;
				CLANG_WARN_EMPTY_BODY = YES;
				CLANG_WARN_ENUM_CONVERSION = YES;
				CLANG_WARN_INFINITE_RECURSION = YES;
				CLANG_WARN_INT_CONVERSION = YES;
				CLANG_WARN_NON_LITERAL_NULL_CONVERSION = YES;
				CLANG_WARN_OBJC_IMPLICIT_RETAIN_SELF = YES;
				CLANG_WARN_OBJC_LITERAL_CONVERSION = YES;
				CLANG_WARN_OBJC_ROOT_CLASS = YES_ERROR;
				CLANG_WARN_QUOTED_INCLUDE_IN_FRAMEWORK_HEADER = YES;
				CLANG_WARN_RANGE_LOOP_ANALYSIS = YES;
				CLANG_WARN_STRICT_PROTOTYPES = YES;
				CLANG_WARN_SUSPICIOUS_MOVE = YES;
				CLANG_WARN_UNGUARDED_AVAILABILITY = YES_AGGRESSIVE;
				CLANG_WARN_UNREACHABLE_CODE = YES;
				CLANG_WARN__DUPLICATE_METHOD_MATCH = YES;
				COPY_PHASE_STRIP = NO;
				DEBUG_INFORMATION_FORMAT = dwarf;
				ENABLE_STRICT_OBJC_MSGSEND = YES;
				ENABLE_TESTABILITY = YES;
				GCC_C_LANGUAGE_STANDARD = gnu11;
				GCC_DYNAMIC_NO_PIC = NO;
				GCC_NO_COMMON_BLOCKS = YES;
				GCC_OPTIMIZATION_LEVEL = 0;
				GCC_PREPROCESSOR_DEFINITIONS = (
					"DEBUG=1",
					"$(inherited)",
				);
				GCC_WARN_64_TO_32_BIT_CONVERSION = YES;
				GCC_WARN_ABOUT_RETURN_TYPE = YES_ERROR;
				GCC_WARN_UNDECLARED_SELECTOR = YES;
				GCC_WARN_UNINITIALIZED_AUTOS = YES_AGGRESSIVE;
				GCC_WARN_UNUSED_FUNCTION = YES;
				GCC_WARN_UNUSED_VARIABLE = YES;
				IPHONEOS_DEPLOYMENT_TARGET = 14.2;
				MTL_ENABLE_DEBUG_INFO = INCLUDE_SOURCE;
				MTL_FAST_MATH = YES;
				ONLY_ACTIVE_ARCH = YES;
				SDKROOT = iphoneos;
				SWIFT_ACTIVE_COMPILATION_CONDITIONS = DEBUG;
				SWIFT_OPTIMIZATION_LEVEL = "-Onone";
			};
			name = Debug;
		};
		CF1BAE7F2572B3AC00232127 /* Release */ = {
			isa = XCBuildConfiguration;
			buildSettings = {
				ALWAYS_SEARCH_USER_PATHS = NO;
				CLANG_ANALYZER_NONNULL = YES;
				CLANG_ANALYZER_NUMBER_OBJECT_CONVERSION = YES_AGGRESSIVE;
				CLANG_CXX_LANGUAGE_STANDARD = "gnu++14";
				CLANG_CXX_LIBRARY = "libc++";
				CLANG_ENABLE_MODULES = YES;
				CLANG_ENABLE_OBJC_ARC = YES;
				CLANG_ENABLE_OBJC_WEAK = YES;
				CLANG_WARN_BLOCK_CAPTURE_AUTORELEASING = YES;
				CLANG_WARN_BOOL_CONVERSION = YES;
				CLANG_WARN_COMMA = YES;
				CLANG_WARN_CONSTANT_CONVERSION = YES;
				CLANG_WARN_DEPRECATED_OBJC_IMPLEMENTATIONS = YES;
				CLANG_WARN_DIRECT_OBJC_ISA_USAGE = YES_ERROR;
				CLANG_WARN_DOCUMENTATION_COMMENTS = YES;
				CLANG_WARN_EMPTY_BODY = YES;
				CLANG_WARN_ENUM_CONVERSION = YES;
				CLANG_WARN_INFINITE_RECURSION = YES;
				CLANG_WARN_INT_CONVERSION = YES;
				CLANG_WARN_NON_LITERAL_NULL_CONVERSION = YES;
				CLANG_WARN_OBJC_IMPLICIT_RETAIN_SELF = YES;
				CLANG_WARN_OBJC_LITERAL_CONVERSION = YES;
				CLANG_WARN_OBJC_ROOT_CLASS = YES_ERROR;
				CLANG_WARN_QUOTED_INCLUDE_IN_FRAMEWORK_HEADER = YES;
				CLANG_WARN_RANGE_LOOP_ANALYSIS = YES;
				CLANG_WARN_STRICT_PROTOTYPES = YES;
				CLANG_WARN_SUSPICIOUS_MOVE = YES;
				CLANG_WARN_UNGUARDED_AVAILABILITY = YES_AGGRESSIVE;
				CLANG_WARN_UNREACHABLE_CODE = YES;
				CLANG_WARN__DUPLICATE_METHOD_MATCH = YES;
				COPY_PHASE_STRIP = NO;
				DEBUG_INFORMATION_FORMAT = "dwarf-with-dsym";
				ENABLE_NS_ASSERTIONS = NO;
				ENABLE_STRICT_OBJC_MSGSEND = YES;
				GCC_C_LANGUAGE_STANDARD = gnu11;
				GCC_NO_COMMON_BLOCKS = YES;
				GCC_WARN_64_TO_32_BIT_CONVERSION = YES;
				GCC_WARN_ABOUT_RETURN_TYPE = YES_ERROR;
				GCC_WARN_UNDECLARED_SELECTOR = YES;
				GCC_WARN_UNINITIALIZED_AUTOS = YES_AGGRESSIVE;
				GCC_WARN_UNUSED_FUNCTION = YES;
				GCC_WARN_UNUSED_VARIABLE = YES;
				IPHONEOS_DEPLOYMENT_TARGET = 14.2;
				MTL_ENABLE_DEBUG_INFO = NO;
				MTL_FAST_MATH = YES;
				SDKROOT = iphoneos;
				SWIFT_COMPILATION_MODE = wholemodule;
				SWIFT_OPTIMIZATION_LEVEL = "-O";
				VALIDATE_PRODUCT = YES;
			};
			name = Release;
		};
		CF1BAE812572B3AC00232127 /* Debug */ = {
			isa = XCBuildConfiguration;
			buildSettings = {
				ASSETCATALOG_COMPILER_APPICON_NAME = AppIcon;
				ASSETCATALOG_COMPILER_GLOBAL_ACCENT_COLOR_NAME = AccentColor;
				CODE_SIGN_STYLE = Automatic;
				DEVELOPMENT_ASSET_PATHS = "\"ListasGrids/Preview Content\"";
				DEVELOPMENT_TEAM = "";
				ENABLE_PREVIEWS = YES;
				INFOPLIST_FILE = ListasGrids/Info.plist;
				IPHONEOS_DEPLOYMENT_TARGET = 14.0;
				LD_RUNPATH_SEARCH_PATHS = (
					"$(inherited)",
					"@executable_path/Frameworks",
				);
				PRODUCT_BUNDLE_IDENTIFIER = com.jorge.ListasGrids;
				PRODUCT_NAME = "$(TARGET_NAME)";
				SWIFT_VERSION = 5.0;
				TARGETED_DEVICE_FAMILY = "1,2";
			};
			name = Debug;
		};
		CF1BAE822572B3AC00232127 /* Release */ = {
			isa = XCBuildConfiguration;
			buildSettings = {
				ASSETCATALOG_COMPILER_APPICON_NAME = AppIcon;
				ASSETCATALOG_COMPILER_GLOBAL_ACCENT_COLOR_NAME = AccentColor;
				CODE_SIGN_STYLE = Automatic;
				DEVELOPMENT_ASSET_PATHS = "\"ListasGrids/Preview Content\"";
				DEVELOPMENT_TEAM = "";
				ENABLE_PREVIEWS = YES;
				INFOPLIST_FILE = ListasGrids/Info.plist;
				IPHONEOS_DEPLOYMENT_TARGET = 14.0;
				LD_RUNPATH_SEARCH_PATHS = (
					"$(inherited)",
					"@executable_path/Frameworks",
				);
				PRODUCT_BUNDLE_IDENTIFIER = com.jorge.ListasGrids;
				PRODUCT_NAME = "$(TARGET_NAME)";
				SWIFT_VERSION = 5.0;
				TARGETED_DEVICE_FAMILY = "1,2";
			};
			name = Release;
		};
/* End XCBuildConfiguration section */

/* Begin XCConfigurationList section */
		CF1BAE6C2572B3A800232127 /* Build configuration list for PBXProject "ListasGrids" */ = {
			isa = XCConfigurationList;
			buildConfigurations = (
				CF1BAE7E2572B3AC00232127 /* Debug */,
				CF1BAE7F2572B3AC00232127 /* Release */,
			);
			defaultConfigurationIsVisible = 0;
			defaultConfigurationName = Release;
		};
		CF1BAE802572B3AC00232127 /* Build configuration list for PBXNativeTarget "ListasGrids" */ = {
			isa = XCConfigurationList;
			buildConfigurations = (
				CF1BAE812572B3AC00232127 /* Debug */,
				CF1BAE822572B3AC00232127 /* Release */,
			);
			defaultConfigurationIsVisible = 0;
			defaultConfigurationName = Release;
		};
/* End XCConfigurationList section */
	};
	rootObject = CF1BAE692572B3A800232127 /* Project object */;
}
